
Microsoft Visual Studio Solution File, Format Version 12.00
Project("{FAE04EC0-301F-11D3-BF4B-00C04F79EFBC}") = "ChorManager.WebApi", "ChorManager.WebApi\ChorManager.WebApi.csproj", "{1A46D266-6B47-45C0-ABA7-AB73CF042153}"
EndProject
Project("{FAE04EC0-301F-11D3-BF4B-00C04F79EFBC}") = "ChoirManager.Core", "ChoirManager.Core\ChoirManager.Core.csproj", "{5C00F77B-87AC-4D6B-97C5-B5306D1A39E8}"
EndProject
Project("{FAE04EC0-301F-11D3-BF4B-00C04F79EFBC}") = "ChoirManger.Business", "ChoirManger.Business\ChoirManger.Business.csproj", "{0910A60C-D5D2-4858-AFA4-8394258E23DC}"
EndProject
Project("{FAE04EC0-301F-11D3-BF4B-00C04F79EFBC}") = "ChoirManager.Controllers", "ChoirManager.Controllers\ChoirManager.Controllers.csproj", "{EFBDF07F-7CE4-46AF-AC40-86307713E1C6}"
EndProject
Global
	GlobalSection(SolutionConfigurationPlatforms) = preSolution
		Debug|Any CPU = Debug|Any CPU
		Release|Any CPU = Release|Any CPU
	EndGlobalSection
	GlobalSection(ProjectConfigurationPlatforms) = postSolution
		{1A46D266-6B47-45C0-ABA7-AB73CF042153}.Debug|Any CPU.ActiveCfg = Debug|Any CPU
		{1A46D266-6B47-45C0-ABA7-AB73CF042153}.Debug|Any CPU.Build.0 = Debug|Any CPU
		{1A46D266-6B47-45C0-ABA7-AB73CF042153}.Release|Any CPU.ActiveCfg = Release|Any CPU
		{1A46D266-6B47-45C0-ABA7-AB73CF042153}.Release|Any CPU.Build.0 = Release|Any CPU
		{5C00F77B-87AC-4D6B-97C5-B5306D1A39E8}.Debug|Any CPU.ActiveCfg = Debug|Any CPU
		{5C00F77B-87AC-4D6B-97C5-B5306D1A39E8}.Debug|Any CPU.Build.0 = Debug|Any CPU
		{5C00F77B-87AC-4D6B-97C5-B5306D1A39E8}.Release|Any CPU.ActiveCfg = Release|Any CPU
		{5C00F77B-87AC-4D6B-97C5-B5306D1A39E8}.Release|Any CPU.Build.0 = Release|Any CPU
		{0910A60C-D5D2-4858-AFA4-8394258E23DC}.Debug|Any CPU.ActiveCfg = Debug|Any CPU
		{0910A60C-D5D2-4858-AFA4-8394258E23DC}.Debug|Any CPU.Build.0 = Debug|Any CPU
		{0910A60C-D5D2-4858-AFA4-8394258E23DC}.Release|Any CPU.ActiveCfg = Release|Any CPU
		{0910A60C-D5D2-4858-AFA4-8394258E23DC}.Release|Any CPU.Build.0 = Release|Any CPU
		{EFBDF07F-7CE4-46AF-AC40-86307713E1C6}.Debug|Any CPU.ActiveCfg = Debug|Any CPU
		{EFBDF07F-7CE4-46AF-AC40-86307713E1C6}.Debug|Any CPU.Build.0 = Debug|Any CPU
		{EFBDF07F-7CE4-46AF-AC40-86307713E1C6}.Release|Any CPU.ActiveCfg = Release|Any CPU
		{EFBDF07F-7CE4-46AF-AC40-86307713E1C6}.Release|Any CPU.Build.0 = Release|Any CPU
	EndGlobalSection
EndGlobal
